
Microsoft Visual Studio Solution File, Format Version 12.00
# Visual Studio Version 17
VisualStudioVersion = 17.8.34322.80
MinimumVisualStudioVersion = 10.0.40219.1
Project("{2150E333-8FDC-42A3-9474-1A3956D46DE8}") = "Identity", "Identity", "{164BFC55-8A31-4140-AEDA-9F61CCA5BC12}"
EndProject
Project("{9A19103F-16F7-4668-BE54-9A1E7A4F7556}") = "Identity.Api", "Identity.Api\Identity.Api.csproj", "{4E4AC97D-C9C5-4C3B-87F3-B659C832F682}"
EndProject
Project("{9A19103F-16F7-4668-BE54-9A1E7A4F7556}") = "Identity.Application", "Identity.Application\Identity.Application.csproj", "{7E028B9D-5973-4268-90D3-1356F78E5DFC}"
EndProject
Project("{9A19103F-16F7-4668-BE54-9A1E7A4F7556}") = "Identity.Infrostructure", "Identity.Infrostructure\Identity.Infrostructure.csproj", "{6471038C-7AB3-41E5-AEBF-F47D5B1D2497}"
EndProject
Project("{9A19103F-16F7-4668-BE54-9A1E7A4F7556}") = "Identity.Domain", "Identity.Domain\Identity.Domain.csproj", "{33455329-52EB-4F3C-993A-0A6F4C74A8B3}"
EndProject
Project("{9A19103F-16F7-4668-BE54-9A1E7A4F7556}") = "Identity.Persistense", "Identity.Persistense\Identity.Persistense.csproj", "{7144F5CF-B4A6-40ED-A257-A1EA3BB15263}"
EndProject
Project("{2150E333-8FDC-42A3-9474-1A3956D46DE8}") = "Kesh", "Kesh", "{4911BB9C-C358-4C70-9774-D2C94EFDDA32}"
EndProject
Project("{9A19103F-16F7-4668-BE54-9A1E7A4F7556}") = "Kesh.Application", "Kesh.Application\Kesh.Application.csproj", "{D87C0879-5943-42A7-8159-5DAF94645150}"
EndProject
Project("{9A19103F-16F7-4668-BE54-9A1E7A4F7556}") = "Kesh.Domain", "Kesh.Domain\Kesh.Domain.csproj", "{F4D9BFFE-6AD1-4B7F-AA70-31206E7B353A}"
EndProject
Project("{9A19103F-16F7-4668-BE54-9A1E7A4F7556}") = "Kesh.Persistance", "Kesh.Persistance\Kesh.Persistance.csproj", "{E325462E-5E6C-43B5-9405-4EE856918E68}"
EndProject
Project("{9A19103F-16F7-4668-BE54-9A1E7A4F7556}") = "Kesh.Infrostructure", "Kesh.Infrostructure\Kesh.Infrostructure.csproj", "{159B0141-0ECC-45D8-A7BB-B82DFA96DD64}"
EndProject
Project("{FAE04EC0-301F-11D3-BF4B-00C04F79EFBC}") = "Kesh.Api", "Kesh.Api\Kesh.Api.csproj", "{8478B9F5-799D-40C6-AEF7-E315323D655B}"
EndProject
Global
	GlobalSection(SolutionConfigurationPlatforms) = preSolution
		Debug|Any CPU = Debug|Any CPU
		Release|Any CPU = Release|Any CPU
	EndGlobalSection
	GlobalSection(ProjectConfigurationPlatforms) = postSolution
		{4E4AC97D-C9C5-4C3B-87F3-B659C832F682}.Debug|Any CPU.ActiveCfg = Debug|Any CPU
		{4E4AC97D-C9C5-4C3B-87F3-B659C832F682}.Debug|Any CPU.Build.0 = Debug|Any CPU
		{4E4AC97D-C9C5-4C3B-87F3-B659C832F682}.Release|Any CPU.ActiveCfg = Release|Any CPU
		{4E4AC97D-C9C5-4C3B-87F3-B659C832F682}.Release|Any CPU.Build.0 = Release|Any CPU
		{7E028B9D-5973-4268-90D3-1356F78E5DFC}.Debug|Any CPU.ActiveCfg = Debug|Any CPU
		{7E028B9D-5973-4268-90D3-1356F78E5DFC}.Debug|Any CPU.Build.0 = Debug|Any CPU
		{7E028B9D-5973-4268-90D3-1356F78E5DFC}.Release|Any CPU.ActiveCfg = Release|Any CPU
		{7E028B9D-5973-4268-90D3-1356F78E5DFC}.Release|Any CPU.Build.0 = Release|Any CPU
		{6471038C-7AB3-41E5-AEBF-F47D5B1D2497}.Debug|Any CPU.ActiveCfg = Debug|Any CPU
		{6471038C-7AB3-41E5-AEBF-F47D5B1D2497}.Debug|Any CPU.Build.0 = Debug|Any CPU
		{6471038C-7AB3-41E5-AEBF-F47D5B1D2497}.Release|Any CPU.ActiveCfg = Release|Any CPU
		{6471038C-7AB3-41E5-AEBF-F47D5B1D2497}.Release|Any CPU.Build.0 = Release|Any CPU
		{33455329-52EB-4F3C-993A-0A6F4C74A8B3}.Debug|Any CPU.ActiveCfg = Debug|Any CPU
		{33455329-52EB-4F3C-993A-0A6F4C74A8B3}.Debug|Any CPU.Build.0 = Debug|Any CPU
		{33455329-52EB-4F3C-993A-0A6F4C74A8B3}.Release|Any CPU.ActiveCfg = Release|Any CPU
		{33455329-52EB-4F3C-993A-0A6F4C74A8B3}.Release|Any CPU.Build.0 = Release|Any CPU
		{7144F5CF-B4A6-40ED-A257-A1EA3BB15263}.Debug|Any CPU.ActiveCfg = Debug|Any CPU
		{7144F5CF-B4A6-40ED-A257-A1EA3BB15263}.Debug|Any CPU.Build.0 = Debug|Any CPU
		{7144F5CF-B4A6-40ED-A257-A1EA3BB15263}.Release|Any CPU.ActiveCfg = Release|Any CPU
		{7144F5CF-B4A6-40ED-A257-A1EA3BB15263}.Release|Any CPU.Build.0 = Release|Any CPU
		{D87C0879-5943-42A7-8159-5DAF94645150}.Debug|Any CPU.ActiveCfg = Debug|Any CPU
		{D87C0879-5943-42A7-8159-5DAF94645150}.Debug|Any CPU.Build.0 = Debug|Any CPU
		{D87C0879-5943-42A7-8159-5DAF94645150}.Release|Any CPU.ActiveCfg = Release|Any CPU
		{D87C0879-5943-42A7-8159-5DAF94645150}.Release|Any CPU.Build.0 = Release|Any CPU
		{F4D9BFFE-6AD1-4B7F-AA70-31206E7B353A}.Debug|Any CPU.ActiveCfg = Debug|Any CPU
		{F4D9BFFE-6AD1-4B7F-AA70-31206E7B353A}.Debug|Any CPU.Build.0 = Debug|Any CPU
		{F4D9BFFE-6AD1-4B7F-AA70-31206E7B353A}.Release|Any CPU.ActiveCfg = Release|Any CPU
		{F4D9BFFE-6AD1-4B7F-AA70-31206E7B353A}.Release|Any CPU.Build.0 = Release|Any CPU
		{E325462E-5E6C-43B5-9405-4EE856918E68}.Debug|Any CPU.ActiveCfg = Debug|Any CPU
		{E325462E-5E6C-43B5-9405-4EE856918E68}.Debug|Any CPU.Build.0 = Debug|Any CPU
		{E325462E-5E6C-43B5-9405-4EE856918E68}.Release|Any CPU.ActiveCfg = Release|Any CPU
		{E325462E-5E6C-43B5-9405-4EE856918E68}.Release|Any CPU.Build.0 = Release|Any CPU
		{159B0141-0ECC-45D8-A7BB-B82DFA96DD64}.Debug|Any CPU.ActiveCfg = Debug|Any CPU
		{159B0141-0ECC-45D8-A7BB-B82DFA96DD64}.Debug|Any CPU.Build.0 = Debug|Any CPU
		{159B0141-0ECC-45D8-A7BB-B82DFA96DD64}.Release|Any CPU.ActiveCfg = Release|Any CPU
		{159B0141-0ECC-45D8-A7BB-B82DFA96DD64}.Release|Any CPU.Build.0 = Release|Any CPU
		{8478B9F5-799D-40C6-AEF7-E315323D655B}.Debug|Any CPU.ActiveCfg = Debug|Any CPU
		{8478B9F5-799D-40C6-AEF7-E315323D655B}.Debug|Any CPU.Build.0 = Debug|Any CPU
		{8478B9F5-799D-40C6-AEF7-E315323D655B}.Release|Any CPU.ActiveCfg = Release|Any CPU
		{8478B9F5-799D-40C6-AEF7-E315323D655B}.Release|Any CPU.Build.0 = Release|Any CPU
	EndGlobalSection
	GlobalSection(SolutionProperties) = preSolution
		HideSolutionNode = FALSE
	EndGlobalSection
	GlobalSection(NestedProjects) = preSolution
		{4E4AC97D-C9C5-4C3B-87F3-B659C832F682} = {164BFC55-8A31-4140-AEDA-9F61CCA5BC12}
		{7E028B9D-5973-4268-90D3-1356F78E5DFC} = {164BFC55-8A31-4140-AEDA-9F61CCA5BC12}
		{6471038C-7AB3-41E5-AEBF-F47D5B1D2497} = {164BFC55-8A31-4140-AEDA-9F61CCA5BC12}
		{33455329-52EB-4F3C-993A-0A6F4C74A8B3} = {164BFC55-8A31-4140-AEDA-9F61CCA5BC12}
		{7144F5CF-B4A6-40ED-A257-A1EA3BB15263} = {164BFC55-8A31-4140-AEDA-9F61CCA5BC12}
		{D87C0879-5943-42A7-8159-5DAF94645150} = {4911BB9C-C358-4C70-9774-D2C94EFDDA32}
		{F4D9BFFE-6AD1-4B7F-AA70-31206E7B353A} = {4911BB9C-C358-4C70-9774-D2C94EFDDA32}
		{E325462E-5E6C-43B5-9405-4EE856918E68} = {4911BB9C-C358-4C70-9774-D2C94EFDDA32}
		{159B0141-0ECC-45D8-A7BB-B82DFA96DD64} = {4911BB9C-C358-4C70-9774-D2C94EFDDA32}
		{8478B9F5-799D-40C6-AEF7-E315323D655B} = {4911BB9C-C358-4C70-9774-D2C94EFDDA32}
	EndGlobalSection
	GlobalSection(ExtensibilityGlobals) = postSolution
		SolutionGuid = {F15342A2-9513-4FA9-B9E3-EAE9A0A5DA2A}
	EndGlobalSection
EndGlobal
